# Fixed seeds for property-based testing
# DO NOT MODIFY - these ensure reproducible test runs
# Generated once, locked forever for v0.1.x
#
# Format: one seed per line (32-bit unsigned integer)

1337
42
12345
98765
314159
271828
161803
141421
173205
223606
100003
200009
300007
400009
500009
600011
700001
800011
900001
999983
1000003
1100009
1200007
1300021
1400017
1500007
1600033
1700021
1800017
1900009
2000003
2147483647
2147483629
2147483587
2147483579
2147483549
2147483543
2147483497
2147483489
2147483477
3141592653
2718281828
1618033988
1414213562
1732050808
2236067977
2645751311
3162277660
3464101615
3741657387
4123105625
4472135954
4795831523
5099019513
5385164807
5656854249
5916079783
6164414002
6403124237
6633249580
6855654600
7071067811
7280109889
7483314773
7681145747
7874007874
8062257748
8246211251
8426149773
8602325267
8774964387
8944271909
9110433579
9273618495
9433981132
9591663046
9746794344
9899494936
123456789
987654321
135792468
246813579
111111111
222222222
333333333
444444444
555555555
666666666
777777777
888888888
999999999
101010101
202020202
303030303
404040404
505050505
606060606
707070707
808080808
909090909
